
Microsoft Visual Studio Solution File, Format Version 12.00
# Visual Studio Version 17
VisualStudioVersion = 17.3.32825.248
MinimumVisualStudioVersion = 10.0.40219.1
Project("{9A19103F-16F7-4668-BE54-9A1E7A4F7556}") = "SuperTester", "SuperTester.csproj", "{0EDB55FF-A858-46C8-8285-E03D15138B87}"
EndProject
Global
	GlobalSection(SolutionConfigurationPlatforms) = preSolution
		Debug|Any CPU = Debug|Any CPU
		Release|Any CPU = Release|Any CPU
	EndGlobalSection
	GlobalSection(ProjectConfigurationPlatforms) = postSolution
		{0EDB55FF-A858-46C8-8285-E03D15138B87}.Debug|Any CPU.ActiveCfg = Debug|Any CPU
		{0EDB55FF-A858-46C8-8285-E03D15138B87}.Debug|Any CPU.Build.0 = Debug|Any CPU
		{0EDB55FF-A858-46C8-8285-E03D15138B87}.Release|Any CPU.ActiveCfg = Release|Any CPU
		{0EDB55FF-A858-46C8-8285-E03D15138B87}.Release|Any CPU.Build.0 = Release|Any CPU
	EndGlobalSection
	GlobalSection(SolutionProperties) = preSolution
		HideSolutionNode = FALSE
	EndGlobalSection
	GlobalSection(ExtensibilityGlobals) = postSolution
		SolutionGuid = {2C988A80-4FBF-4F06-AF51-BEFA0631234C}
	EndGlobalSection
EndGlobal
